
Microsoft Visual Studio Solution File, Format Version 12.00
Project("{FAE04EC0-301F-11D3-BF4B-00C04F79EFBC}") = "JwtAuthApp", "JwtAuthApp\JwtAuthApp.csproj", "{487A194B-45A3-4005-930E-EA9CC896A632}"
EndProject
Project("{2150E333-8FDC-42A3-9474-1A3956D46DE8}") = "Solution Items", "Solution Items", "{211FF800-49A4-4EBD-937C-1DE200DB0551}"
	ProjectSection(SolutionItems) = preProject
		compose.yaml = compose.yaml
	EndProjectSection
EndProject
Global
	GlobalSection(SolutionConfigurationPlatforms) = preSolution
		Debug|Any CPU = Debug|Any CPU
		Release|Any CPU = Release|Any CPU
	EndGlobalSection
	GlobalSection(ProjectConfigurationPlatforms) = postSolution
		{487A194B-45A3-4005-930E-EA9CC896A632}.Debug|Any CPU.ActiveCfg = Debug|Any CPU
		{487A194B-45A3-4005-930E-EA9CC896A632}.Debug|Any CPU.Build.0 = Debug|Any CPU
		{487A194B-45A3-4005-930E-EA9CC896A632}.Release|Any CPU.ActiveCfg = Release|Any CPU
		{487A194B-45A3-4005-930E-EA9CC896A632}.Release|Any CPU.Build.0 = Release|Any CPU
	EndGlobalSection
EndGlobal
